
Microsoft Visual Studio Solution File, Format Version 12.00
# Visual Studio Version 16
VisualStudioVersion = 16.0.31515.178
MinimumVisualStudioVersion = 10.0.40219.1
Project("{FAE04EC0-301F-11D3-BF4B-00C04F79EFBC}") = "BookeStore", "BookeStore.csproj", "{C4A67E83-2621-4873-B973-815265A2B61B}"
EndProject
Global
	GlobalSection(SolutionConfigurationPlatforms) = preSolution
		Debug|Any CPU = Debug|Any CPU
		Release|Any CPU = Release|Any CPU
	EndGlobalSection
	GlobalSection(ProjectConfigurationPlatforms) = postSolution
		{C4A67E83-2621-4873-B973-815265A2B61B}.Debug|Any CPU.ActiveCfg = Debug|Any CPU
		{C4A67E83-2621-4873-B973-815265A2B61B}.Debug|Any CPU.Build.0 = Debug|Any CPU
		{C4A67E83-2621-4873-B973-815265A2B61B}.Release|Any CPU.ActiveCfg = Release|Any CPU
		{C4A67E83-2621-4873-B973-815265A2B61B}.Release|Any CPU.Build.0 = Release|Any CPU
	EndGlobalSection
	GlobalSection(SolutionProperties) = preSolution
		HideSolutionNode = FALSE
	EndGlobalSection
	GlobalSection(ExtensibilityGlobals) = postSolution
		SolutionGuid = {6B009A14-0CA6-4B12-9091-A8EE84520D86}
	EndGlobalSection
EndGlobal
